
Microsoft Visual Studio Solution File, Format Version 12.00
# Visual Studio Version 16
VisualStudioVersion = 16.0.31005.135
MinimumVisualStudioVersion = 10.0.40219.1
Project("{FAE04EC0-301F-11D3-BF4B-00C04F79EFBC}") = "IdeaBoard.Web", "IdeaBoard.Web\IdeaBoard.Web.csproj", "{AEA9FE22-0475-4454-AB24-FFE9D0347E51}"
EndProject
Global
	GlobalSection(SolutionConfigurationPlatforms) = preSolution
		Debug|Any CPU = Debug|Any CPU
		Release|Any CPU = Release|Any CPU
	EndGlobalSection
	GlobalSection(ProjectConfigurationPlatforms) = postSolution
		{AEA9FE22-0475-4454-AB24-FFE9D0347E51}.Debug|Any CPU.ActiveCfg = Debug|Any CPU
		{AEA9FE22-0475-4454-AB24-FFE9D0347E51}.Debug|Any CPU.Build.0 = Debug|Any CPU
		{AEA9FE22-0475-4454-AB24-FFE9D0347E51}.Release|Any CPU.ActiveCfg = Release|Any CPU
		{AEA9FE22-0475-4454-AB24-FFE9D0347E51}.Release|Any CPU.Build.0 = Release|Any CPU
	EndGlobalSection
	GlobalSection(SolutionProperties) = preSolution
		HideSolutionNode = FALSE
	EndGlobalSection
	GlobalSection(ExtensibilityGlobals) = postSolution
		SolutionGuid = {6CAF4473-5DA2-42C9-97A5-66FF4419CC8F}
	EndGlobalSection
EndGlobal
